
Microsoft Visual Studio Solution File, Format Version 12.00
# Visual Studio 2012
Project("{FAE04EC0-301F-11D3-BF4B-00C04F79EFBC}") = "TestPro", "TestPro\TestPro.csproj", "{4EF4D52B-0E53-420D-8623-B72C5EA77925}"
EndProject
Global
	GlobalSection(SolutionConfigurationPlatforms) = preSolution
		Debug|Any CPU = Debug|Any CPU
		Release|Any CPU = Release|Any CPU
	EndGlobalSection
	GlobalSection(ProjectConfigurationPlatforms) = postSolution
		{4EF4D52B-0E53-420D-8623-B72C5EA77925}.Debug|Any CPU.ActiveCfg = Debug|Any CPU
		{4EF4D52B-0E53-420D-8623-B72C5EA77925}.Debug|Any CPU.Build.0 = Debug|Any CPU
		{4EF4D52B-0E53-420D-8623-B72C5EA77925}.Release|Any CPU.ActiveCfg = Release|Any CPU
		{4EF4D52B-0E53-420D-8623-B72C5EA77925}.Release|Any CPU.Build.0 = Release|Any CPU
	EndGlobalSection
	GlobalSection(SolutionProperties) = preSolution
		HideSolutionNode = FALSE
	EndGlobalSection
EndGlobal
