
Microsoft Visual Studio Solution File, Format Version 12.00
# Visual Studio 2012
Project("{FAE04EC0-301F-11D3-BF4B-00C04F79EFBC}") = "BaseUI", "BaseUI\BaseUI.csproj", "{ECDD6C83-1A30-47B4-8517-64AA2728D493}"
EndProject
Project("{FAE04EC0-301F-11D3-BF4B-00C04F79EFBC}") = "MainUI", "MainUI\MainUI.csproj", "{8C5AA80D-B339-4BA3-89FD-AF1284532557}"
EndProject
Project("{2150E333-8FDC-42A3-9474-1A3956D46DE8}") = "AccountBook", "AccountBook", "{3395BAE2-A6C1-4DCF-9C38-4E8974D662A9}"
EndProject
Project("{FAE04EC0-301F-11D3-BF4B-00C04F79EFBC}") = "DAL", "DAL\DAL.csproj", "{1F94706B-4350-4171-8FAD-87252F362ABD}"
EndProject
Project("{FAE04EC0-301F-11D3-BF4B-00C04F79EFBC}") = "BLL", "BLL\BLL.csproj", "{3816B8E3-DD40-41A6-AD0F-D756EC00170E}"
EndProject
Project("{FAE04EC0-301F-11D3-BF4B-00C04F79EFBC}") = "UI", "UI\UI.csproj", "{BB2E473F-6952-4B42-8624-8C5B9B11C2D0}"
EndProject
Project("{FAE04EC0-301F-11D3-BF4B-00C04F79EFBC}") = "Interface", "Interface\Interface.csproj", "{FE6926DC-6854-4536-B26B-BCF0A26FF00E}"
EndProject
Project("{FAE04EC0-301F-11D3-BF4B-00C04F79EFBC}") = "Utility", "Utility\Utility.csproj", "{9AF09B1C-D007-46FA-A5AB-C38800000231}"
EndProject
Global
	GlobalSection(SolutionConfigurationPlatforms) = preSolution
		Debug|Any CPU = Debug|Any CPU
		Debug|Mixed Platforms = Debug|Mixed Platforms
		Debug|x86 = Debug|x86
		Release|Any CPU = Release|Any CPU
		Release|Mixed Platforms = Release|Mixed Platforms
		Release|x86 = Release|x86
	EndGlobalSection
	GlobalSection(ProjectConfigurationPlatforms) = postSolution
		{ECDD6C83-1A30-47B4-8517-64AA2728D493}.Debug|Any CPU.ActiveCfg = Debug|x86
		{ECDD6C83-1A30-47B4-8517-64AA2728D493}.Debug|Mixed Platforms.ActiveCfg = Debug|x86
		{ECDD6C83-1A30-47B4-8517-64AA2728D493}.Debug|Mixed Platforms.Build.0 = Debug|x86
		{ECDD6C83-1A30-47B4-8517-64AA2728D493}.Debug|x86.ActiveCfg = Debug|x86
		{ECDD6C83-1A30-47B4-8517-64AA2728D493}.Debug|x86.Build.0 = Debug|x86
		{ECDD6C83-1A30-47B4-8517-64AA2728D493}.Release|Any CPU.ActiveCfg = Release|x86
		{ECDD6C83-1A30-47B4-8517-64AA2728D493}.Release|Mixed Platforms.ActiveCfg = Release|x86
		{ECDD6C83-1A30-47B4-8517-64AA2728D493}.Release|Mixed Platforms.Build.0 = Release|x86
		{ECDD6C83-1A30-47B4-8517-64AA2728D493}.Release|x86.ActiveCfg = Release|x86
		{ECDD6C83-1A30-47B4-8517-64AA2728D493}.Release|x86.Build.0 = Release|x86
		{8C5AA80D-B339-4BA3-89FD-AF1284532557}.Debug|Any CPU.ActiveCfg = Debug|x86
		{8C5AA80D-B339-4BA3-89FD-AF1284532557}.Debug|Mixed Platforms.ActiveCfg = Debug|x86
		{8C5AA80D-B339-4BA3-89FD-AF1284532557}.Debug|Mixed Platforms.Build.0 = Debug|x86
		{8C5AA80D-B339-4BA3-89FD-AF1284532557}.Debug|x86.ActiveCfg = Debug|x86
		{8C5AA80D-B339-4BA3-89FD-AF1284532557}.Debug|x86.Build.0 = Debug|x86
		{8C5AA80D-B339-4BA3-89FD-AF1284532557}.Release|Any CPU.ActiveCfg = Release|x86
		{8C5AA80D-B339-4BA3-89FD-AF1284532557}.Release|Mixed Platforms.ActiveCfg = Release|x86
		{8C5AA80D-B339-4BA3-89FD-AF1284532557}.Release|Mixed Platforms.Build.0 = Release|x86
		{8C5AA80D-B339-4BA3-89FD-AF1284532557}.Release|x86.ActiveCfg = Release|x86
		{8C5AA80D-B339-4BA3-89FD-AF1284532557}.Release|x86.Build.0 = Release|x86
		{1F94706B-4350-4171-8FAD-87252F362ABD}.Debug|Any CPU.ActiveCfg = Debug|x86
		{1F94706B-4350-4171-8FAD-87252F362ABD}.Debug|Mixed Platforms.ActiveCfg = Debug|x86
		{1F94706B-4350-4171-8FAD-87252F362ABD}.Debug|Mixed Platforms.Build.0 = Debug|x86
		{1F94706B-4350-4171-8FAD-87252F362ABD}.Debug|x86.ActiveCfg = Debug|x86
		{1F94706B-4350-4171-8FAD-87252F362ABD}.Debug|x86.Build.0 = Debug|x86
		{1F94706B-4350-4171-8FAD-87252F362ABD}.Release|Any CPU.ActiveCfg = Release|x86
		{1F94706B-4350-4171-8FAD-87252F362ABD}.Release|Mixed Platforms.ActiveCfg = Release|x86
		{1F94706B-4350-4171-8FAD-87252F362ABD}.Release|Mixed Platforms.Build.0 = Release|x86
		{1F94706B-4350-4171-8FAD-87252F362ABD}.Release|x86.ActiveCfg = Release|x86
		{1F94706B-4350-4171-8FAD-87252F362ABD}.Release|x86.Build.0 = Release|x86
		{3816B8E3-DD40-41A6-AD0F-D756EC00170E}.Debug|Any CPU.ActiveCfg = Debug|x86
		{3816B8E3-DD40-41A6-AD0F-D756EC00170E}.Debug|Mixed Platforms.ActiveCfg = Debug|x86
		{3816B8E3-DD40-41A6-AD0F-D756EC00170E}.Debug|Mixed Platforms.Build.0 = Debug|x86
		{3816B8E3-DD40-41A6-AD0F-D756EC00170E}.Debug|x86.ActiveCfg = Debug|x86
		{3816B8E3-DD40-41A6-AD0F-D756EC00170E}.Debug|x86.Build.0 = Debug|x86
		{3816B8E3-DD40-41A6-AD0F-D756EC00170E}.Release|Any CPU.ActiveCfg = Release|x86
		{3816B8E3-DD40-41A6-AD0F-D756EC00170E}.Release|Mixed Platforms.ActiveCfg = Release|x86
		{3816B8E3-DD40-41A6-AD0F-D756EC00170E}.Release|Mixed Platforms.Build.0 = Release|x86
		{3816B8E3-DD40-41A6-AD0F-D756EC00170E}.Release|x86.ActiveCfg = Release|x86
		{3816B8E3-DD40-41A6-AD0F-D756EC00170E}.Release|x86.Build.0 = Release|x86
		{BB2E473F-6952-4B42-8624-8C5B9B11C2D0}.Debug|Any CPU.ActiveCfg = Debug|x86
		{BB2E473F-6952-4B42-8624-8C5B9B11C2D0}.Debug|Mixed Platforms.ActiveCfg = Debug|x86
		{BB2E473F-6952-4B42-8624-8C5B9B11C2D0}.Debug|Mixed Platforms.Build.0 = Debug|x86
		{BB2E473F-6952-4B42-8624-8C5B9B11C2D0}.Debug|x86.ActiveCfg = Debug|x86
		{BB2E473F-6952-4B42-8624-8C5B9B11C2D0}.Debug|x86.Build.0 = Debug|x86
		{BB2E473F-6952-4B42-8624-8C5B9B11C2D0}.Release|Any CPU.ActiveCfg = Release|x86
		{BB2E473F-6952-4B42-8624-8C5B9B11C2D0}.Release|Mixed Platforms.ActiveCfg = Release|x86
		{BB2E473F-6952-4B42-8624-8C5B9B11C2D0}.Release|Mixed Platforms.Build.0 = Release|x86
		{BB2E473F-6952-4B42-8624-8C5B9B11C2D0}.Release|x86.ActiveCfg = Release|x86
		{BB2E473F-6952-4B42-8624-8C5B9B11C2D0}.Release|x86.Build.0 = Release|x86
		{FE6926DC-6854-4536-B26B-BCF0A26FF00E}.Debug|Any CPU.ActiveCfg = Debug|x86
		{FE6926DC-6854-4536-B26B-BCF0A26FF00E}.Debug|Mixed Platforms.ActiveCfg = Debug|x86
		{FE6926DC-6854-4536-B26B-BCF0A26FF00E}.Debug|Mixed Platforms.Build.0 = Debug|x86
		{FE6926DC-6854-4536-B26B-BCF0A26FF00E}.Debug|x86.ActiveCfg = Debug|x86
		{FE6926DC-6854-4536-B26B-BCF0A26FF00E}.Debug|x86.Build.0 = Debug|x86
		{FE6926DC-6854-4536-B26B-BCF0A26FF00E}.Release|Any CPU.ActiveCfg = Release|x86
		{FE6926DC-6854-4536-B26B-BCF0A26FF00E}.Release|Mixed Platforms.ActiveCfg = Release|x86
		{FE6926DC-6854-4536-B26B-BCF0A26FF00E}.Release|Mixed Platforms.Build.0 = Release|x86
		{FE6926DC-6854-4536-B26B-BCF0A26FF00E}.Release|x86.ActiveCfg = Release|x86
		{FE6926DC-6854-4536-B26B-BCF0A26FF00E}.Release|x86.Build.0 = Release|x86
		{9AF09B1C-D007-46FA-A5AB-C38800000231}.Debug|Any CPU.ActiveCfg = Debug|x86
		{9AF09B1C-D007-46FA-A5AB-C38800000231}.Debug|Mixed Platforms.ActiveCfg = Debug|x86
		{9AF09B1C-D007-46FA-A5AB-C38800000231}.Debug|Mixed Platforms.Build.0 = Debug|x86
		{9AF09B1C-D007-46FA-A5AB-C38800000231}.Debug|x86.ActiveCfg = Debug|x86
		{9AF09B1C-D007-46FA-A5AB-C38800000231}.Debug|x86.Build.0 = Debug|x86
		{9AF09B1C-D007-46FA-A5AB-C38800000231}.Release|Any CPU.ActiveCfg = Release|x86
		{9AF09B1C-D007-46FA-A5AB-C38800000231}.Release|Mixed Platforms.ActiveCfg = Release|x86
		{9AF09B1C-D007-46FA-A5AB-C38800000231}.Release|Mixed Platforms.Build.0 = Release|x86
		{9AF09B1C-D007-46FA-A5AB-C38800000231}.Release|x86.ActiveCfg = Release|x86
		{9AF09B1C-D007-46FA-A5AB-C38800000231}.Release|x86.Build.0 = Release|x86
	EndGlobalSection
	GlobalSection(SolutionProperties) = preSolution
		HideSolutionNode = FALSE
	EndGlobalSection
	GlobalSection(NestedProjects) = preSolution
		{1F94706B-4350-4171-8FAD-87252F362ABD} = {3395BAE2-A6C1-4DCF-9C38-4E8974D662A9}
		{3816B8E3-DD40-41A6-AD0F-D756EC00170E} = {3395BAE2-A6C1-4DCF-9C38-4E8974D662A9}
		{BB2E473F-6952-4B42-8624-8C5B9B11C2D0} = {3395BAE2-A6C1-4DCF-9C38-4E8974D662A9}
	EndGlobalSection
EndGlobal
