
Microsoft Visual Studio Solution File, Format Version 12.00
# Visual Studio 2012
Project("{FAE04EC0-301F-11D3-BF4B-00C04F79EFBC}") = "InfoTips", "InfoTips\InfoTips.csproj", "{8543D1B8-C03F-4FA5-93A4-2FA46EEE5EF2}"
EndProject
Project("{FAE04EC0-301F-11D3-BF4B-00C04F79EFBC}") = "Updater", "Updater\Updater.csproj", "{49954B6E-3042-4C25-9FF6-D6725B5876DD}"
EndProject
Global
	GlobalSection(SolutionConfigurationPlatforms) = preSolution
		Debug|Any CPU = Debug|Any CPU
		Debug|Mixed Platforms = Debug|Mixed Platforms
		Debug|x86 = Debug|x86
		Release|Any CPU = Release|Any CPU
		Release|Mixed Platforms = Release|Mixed Platforms
		Release|x86 = Release|x86
	EndGlobalSection
	GlobalSection(ProjectConfigurationPlatforms) = postSolution
		{8543D1B8-C03F-4FA5-93A4-2FA46EEE5EF2}.Debug|Any CPU.ActiveCfg = Debug|Any CPU
		{8543D1B8-C03F-4FA5-93A4-2FA46EEE5EF2}.Debug|Any CPU.Build.0 = Debug|Any CPU
		{8543D1B8-C03F-4FA5-93A4-2FA46EEE5EF2}.Debug|Mixed Platforms.ActiveCfg = Debug|Any CPU
		{8543D1B8-C03F-4FA5-93A4-2FA46EEE5EF2}.Debug|Mixed Platforms.Build.0 = Debug|Any CPU
		{8543D1B8-C03F-4FA5-93A4-2FA46EEE5EF2}.Debug|x86.ActiveCfg = Debug|Any CPU
		{8543D1B8-C03F-4FA5-93A4-2FA46EEE5EF2}.Release|Any CPU.ActiveCfg = Release|Any CPU
		{8543D1B8-C03F-4FA5-93A4-2FA46EEE5EF2}.Release|Any CPU.Build.0 = Release|Any CPU
		{8543D1B8-C03F-4FA5-93A4-2FA46EEE5EF2}.Release|Mixed Platforms.ActiveCfg = Release|Any CPU
		{8543D1B8-C03F-4FA5-93A4-2FA46EEE5EF2}.Release|Mixed Platforms.Build.0 = Release|Any CPU
		{8543D1B8-C03F-4FA5-93A4-2FA46EEE5EF2}.Release|x86.ActiveCfg = Release|Any CPU
		{49954B6E-3042-4C25-9FF6-D6725B5876DD}.Debug|Any CPU.ActiveCfg = Debug|x86
		{49954B6E-3042-4C25-9FF6-D6725B5876DD}.Debug|Mixed Platforms.ActiveCfg = Debug|x86
		{49954B6E-3042-4C25-9FF6-D6725B5876DD}.Debug|Mixed Platforms.Build.0 = Debug|x86
		{49954B6E-3042-4C25-9FF6-D6725B5876DD}.Debug|x86.ActiveCfg = Debug|x86
		{49954B6E-3042-4C25-9FF6-D6725B5876DD}.Debug|x86.Build.0 = Debug|x86
		{49954B6E-3042-4C25-9FF6-D6725B5876DD}.Release|Any CPU.ActiveCfg = Release|x86
		{49954B6E-3042-4C25-9FF6-D6725B5876DD}.Release|Mixed Platforms.ActiveCfg = Release|x86
		{49954B6E-3042-4C25-9FF6-D6725B5876DD}.Release|Mixed Platforms.Build.0 = Release|x86
		{49954B6E-3042-4C25-9FF6-D6725B5876DD}.Release|x86.ActiveCfg = Release|x86
		{49954B6E-3042-4C25-9FF6-D6725B5876DD}.Release|x86.Build.0 = Release|x86
	EndGlobalSection
	GlobalSection(SolutionProperties) = preSolution
		HideSolutionNode = FALSE
	EndGlobalSection
EndGlobal
